Microsoft Visual Studio Solution File, Format Version 12.00
# Visual Studio Version 17
VisualStudioVersion = 17.0.31903.59
MinimumVisualStudioVersion = 10.0.40219.1
Project("{7DA46032-01A6-42A2-B9D5-1E325053B14E}") = "Project_6cba4d26fa084ca6a2bffe710ebeaf00_20250601200320491618", "Project_6cba4d26fa084ca6a2bffe710ebeaf00_20250601200320491618.csproj", "{7DA46032-01A6-42A2-B9D5-1E325053B14E}"
EndProject
Global
    GlobalSection(SolutionConfigurationPlatforms) = preSolution
        Debug|Any CPU = Debug|Any CPU
        Release|Any CPU = Release|Any CPU
    EndGlobalSection
    GlobalSection(ProjectConfigurationPlatforms) = postSolution
        {7DA46032-01A6-42A2-B9D5-1E325053B14E}.Debug|Any CPU.ActiveCfg = Debug|Any CPU
        {7DA46032-01A6-42A2-B9D5-1E325053B14E}.Debug|Any CPU.Build.0 = Debug|Any CPU
        {7DA46032-01A6-42A2-B9D5-1E325053B14E}.Release|Any CPU.ActiveCfg = Release|Any CPU
        {7DA46032-01A6-42A2-B9D5-1E325053B14E}.Release|Any CPU.Build.0 = Release|Any CPU
    EndGlobalSection
EndGlobal